
Microsoft Visual Studio Solution File, Format Version 12.00
# Visual Studio Version 17
VisualStudioVersion = 17.8.34525.116
MinimumVisualStudioVersion = 10.0.40219.1
Project("{FAE04EC0-301F-11D3-BF4B-00C04F79EFBC}") = "Todos Exercicios", "Todos Exercicios\Todos Exercicios.csproj", "{670A5597-CBF6-4203-AA90-C04D77712CEA}"
EndProject
Global
	GlobalSection(SolutionConfigurationPlatforms) = preSolution
		Debug|Any CPU = Debug|Any CPU
		Release|Any CPU = Release|Any CPU
	EndGlobalSection
	GlobalSection(ProjectConfigurationPlatforms) = postSolution
		{670A5597-CBF6-4203-AA90-C04D77712CEA}.Debug|Any CPU.ActiveCfg = Debug|Any CPU
		{670A5597-CBF6-4203-AA90-C04D77712CEA}.Debug|Any CPU.Build.0 = Debug|Any CPU
		{670A5597-CBF6-4203-AA90-C04D77712CEA}.Release|Any CPU.ActiveCfg = Release|Any CPU
		{670A5597-CBF6-4203-AA90-C04D77712CEA}.Release|Any CPU.Build.0 = Release|Any CPU
	EndGlobalSection
	GlobalSection(SolutionProperties) = preSolution
		HideSolutionNode = FALSE
	EndGlobalSection
	GlobalSection(ExtensibilityGlobals) = postSolution
		SolutionGuid = {1A533BFF-50B9-47AA-933D-283DDDBF16DE}
	EndGlobalSection
EndGlobal
