
Microsoft Visual Studio Solution File, Format Version 12.00
# Visual Studio Version 17
VisualStudioVersion = 17.8.34525.116
MinimumVisualStudioVersion = 10.0.40219.1
Project("{FAE04EC0-301F-11D3-BF4B-00C04F79EFBC}") = "Screen Sound", "Scream Sound\Screen Sound.csproj", "{C023E0BB-592F-4F7A-9EA8-6C151F482347}"
EndProject
Global
	GlobalSection(SolutionConfigurationPlatforms) = preSolution
		Debug|Any CPU = Debug|Any CPU
		Release|Any CPU = Release|Any CPU
	EndGlobalSection
	GlobalSection(ProjectConfigurationPlatforms) = postSolution
		{C023E0BB-592F-4F7A-9EA8-6C151F482347}.Debug|Any CPU.ActiveCfg = Debug|Any CPU
		{C023E0BB-592F-4F7A-9EA8-6C151F482347}.Debug|Any CPU.Build.0 = Debug|Any CPU
		{C023E0BB-592F-4F7A-9EA8-6C151F482347}.Release|Any CPU.ActiveCfg = Release|Any CPU
		{C023E0BB-592F-4F7A-9EA8-6C151F482347}.Release|Any CPU.Build.0 = Release|Any CPU
	EndGlobalSection
	GlobalSection(SolutionProperties) = preSolution
		HideSolutionNode = FALSE
	EndGlobalSection
	GlobalSection(ExtensibilityGlobals) = postSolution
		SolutionGuid = {4F7B0F9C-2EAA-4689-9AD7-923DCE95B071}
	EndGlobalSection
EndGlobal
